<?xml version="1.0" encoding="UTF-8" standalone="yes" ?>
<CodeBlocks_project_file>
	<FileVersion major="1" minor="6" />
	<Project>
		<Option title="GifEncoder" />
		<Option pch_mode="2" />
		<Option compiler="gcc" />
		<Build>
			<Target title="Debug">
				<Option output="bin/Debug/GifEncoder" prefix_auto="1" extension_auto="1" />
				<Option object_output="obj/Debug/" />
				<Option type="1" />
				<Option compiler="gcc" />
				<Compiler>
					<Add option="-g" />
				</Compiler>
				<Linker>
					<Add option="-lm" />
				</Linker>
			</Target>
			<Target title="Release">
				<Option output="bin/Release/GifEncoder" prefix_auto="1" extension_auto="1" />
				<Option object_output="obj/Release/" />
				<Option type="1" />
				<Option compiler="gcc" />
				<Compiler>
					<Add option="-O2" />
				</Compiler>
				<Linker>
					<Add option="-s" />
					<Add option="-lm" />
				</Linker>
			</Target>
		</Build>
		<Compiler>
			<Add option="-Wall" />
		</Compiler>
		<Unit filename="gifencoder.c">
			<Option compilerVar="CC" />
		</Unit>
		<Unit filename="gifencoder.h" />
		<Unit filename="globals.h" />
		<Unit filename="hashmap.c">
			<Option compilerVar="CC" />
		</Unit>
		<Unit filename="hashmap.h" />
		<Unit filename="lodepng.c">
			<Option compilerVar="CC" />
		</Unit>
		<Unit filename="lodepng.h" />
		<Unit filename="lzwCompressor.c">
			<Option compilerVar="CC" />
		</Unit>
		<Unit filename="lzwCompressor.h" />
		<Unit filename="main.c">
			<Option compilerVar="CC" />
		</Unit>
		<Unit filename="sorting.c">
			<Option compilerVar="CC" />
		</Unit>
		<Unit filename="sorting.h" />
		<Extensions />
	</Project>
</CodeBlocks_project_file>
